
Microsoft Visual Studio Solution File, Format Version 12.00
# Visual Studio Version 17
VisualStudioVersion = 17.0.31903.59
MinimumVisualStudioVersion = 10.0.40219.1
Project("{FAE04EC0-301F-11D3-BF4B-00C04F79EFBC}") = "Desarrollo", "Desarrollo\Desarrollo.csproj", "{0C483F33-5878-4518-949B-CA1EE9AEA2CF}"
EndProject
Project("{FAE04EC0-301F-11D3-BF4B-00C04F79EFBC}") = "Desarrollo.Data", "Desarrollo.Data\Desarrollo.Data.csproj", "{AA72B790-EB06-4EFA-A0F0-1D8CE12D6BD3}"
EndProject
Global
	GlobalSection(SolutionConfigurationPlatforms) = preSolution
		Debug|Any CPU = Debug|Any CPU
		Release|Any CPU = Release|Any CPU
	EndGlobalSection
	GlobalSection(SolutionProperties) = preSolution
		HideSolutionNode = FALSE
	EndGlobalSection
	GlobalSection(ProjectConfigurationPlatforms) = postSolution
		{0C483F33-5878-4518-949B-CA1EE9AEA2CF}.Debug|Any CPU.ActiveCfg = Debug|Any CPU
		{0C483F33-5878-4518-949B-CA1EE9AEA2CF}.Debug|Any CPU.Build.0 = Debug|Any CPU
		{0C483F33-5878-4518-949B-CA1EE9AEA2CF}.Release|Any CPU.ActiveCfg = Release|Any CPU
		{0C483F33-5878-4518-949B-CA1EE9AEA2CF}.Release|Any CPU.Build.0 = Release|Any CPU
		{AA72B790-EB06-4EFA-A0F0-1D8CE12D6BD3}.Debug|Any CPU.ActiveCfg = Debug|Any CPU
		{AA72B790-EB06-4EFA-A0F0-1D8CE12D6BD3}.Debug|Any CPU.Build.0 = Debug|Any CPU
		{AA72B790-EB06-4EFA-A0F0-1D8CE12D6BD3}.Release|Any CPU.ActiveCfg = Release|Any CPU
		{AA72B790-EB06-4EFA-A0F0-1D8CE12D6BD3}.Release|Any CPU.Build.0 = Release|Any CPU
	EndGlobalSection
EndGlobal
