
Microsoft Visual Studio Solution File, Format Version 12.00
# Visual Studio Version 17
VisualStudioVersion = 17.0.31903.59
MinimumVisualStudioVersion = 10.0.40219.1
Project("{FAE04EC0-301F-11D3-BF4B-00C04F79EFBC}") = "Desarrollo", "Desarrollo\Desarrollo.csproj", "{0C483F33-5878-4518-949B-CA1EE9AEA2CF}"
EndProject
Project("{FAE04EC0-301F-11D3-BF4B-00C04F79EFBC}") = "Desarrollo.Data", "Desarrollo.Data\Desarrollo.Data.csproj", "{1925C94B-0EB7-477E-930E-773CC532A9FB}"
EndProject
Project("{FAE04EC0-301F-11D3-BF4B-00C04F79EFBC}") = "Desarollo.Models", "Desarollo.Models\Desarollo.Models.csproj", "{F69726DD-CEB8-415D-8108-EE6E5E147DF8}"
EndProject
Global
	GlobalSection(SolutionConfigurationPlatforms) = preSolution
		Debug|Any CPU = Debug|Any CPU
		Release|Any CPU = Release|Any CPU
	EndGlobalSection
	GlobalSection(ProjectConfigurationPlatforms) = postSolution
		{0C483F33-5878-4518-949B-CA1EE9AEA2CF}.Debug|Any CPU.ActiveCfg = Debug|Any CPU
		{0C483F33-5878-4518-949B-CA1EE9AEA2CF}.Debug|Any CPU.Build.0 = Debug|Any CPU
		{0C483F33-5878-4518-949B-CA1EE9AEA2CF}.Release|Any CPU.ActiveCfg = Release|Any CPU
		{0C483F33-5878-4518-949B-CA1EE9AEA2CF}.Release|Any CPU.Build.0 = Release|Any CPU
		{1925C94B-0EB7-477E-930E-773CC532A9FB}.Debug|Any CPU.ActiveCfg = Debug|Any CPU
		{1925C94B-0EB7-477E-930E-773CC532A9FB}.Debug|Any CPU.Build.0 = Debug|Any CPU
		{1925C94B-0EB7-477E-930E-773CC532A9FB}.Release|Any CPU.ActiveCfg = Release|Any CPU
		{1925C94B-0EB7-477E-930E-773CC532A9FB}.Release|Any CPU.Build.0 = Release|Any CPU
		{F69726DD-CEB8-415D-8108-EE6E5E147DF8}.Debug|Any CPU.ActiveCfg = Debug|Any CPU
		{F69726DD-CEB8-415D-8108-EE6E5E147DF8}.Debug|Any CPU.Build.0 = Debug|Any CPU
		{F69726DD-CEB8-415D-8108-EE6E5E147DF8}.Release|Any CPU.ActiveCfg = Release|Any CPU
		{F69726DD-CEB8-415D-8108-EE6E5E147DF8}.Release|Any CPU.Build.0 = Release|Any CPU
	EndGlobalSection
	GlobalSection(SolutionProperties) = preSolution
		HideSolutionNode = FALSE
	EndGlobalSection
EndGlobal
